dependencies:
- name: zot
  repository: http://zotregistry.dev/helm-charts
  version: 0.1.104
- name: argo-cd
  repository: https://argoproj.github.io/argo-helm
  version: 7.9.1
- name: cloudnative-pg
  repository: https://cloudnative-pg.github.io/charts
  version: 0.27.1
digest: sha256:3badb158d9b9724cae30a6be38f51a7ee42e949dd7cecbb88d99bc472e52815e
generated: "2026-04-02T11:08:37.686835+02:00"
