dependencies:
- name: zot
  repository: http://zotregistry.dev/helm-charts
  version: 0.1.125
- name: cloudnative-pg
  repository: https://cloudnative-pg.github.io/charts
  version: 0.29.0
- name: plugin-barman-cloud
  repository: https://cloudnative-pg.github.io/charts
  version: 0.7.1
- name: victoria-metrics-single
  repository: https://victoriametrics.github.io/helm-charts/
  version: 0.48.0
- name: victoria-logs-single
  repository: https://victoriametrics.github.io/helm-charts/
  version: 0.13.10
- name: victoria-metrics-alert
  repository: https://victoriametrics.github.io/helm-charts/
  version: 0.50.0
- name: opentelemetry-operator
  repository: https://open-telemetry.github.io/opentelemetry-helm-charts
  version: 0.117.0
- name: grafana
  repository: https://grafana-community.github.io/helm-charts
  version: 12.10.2
- name: traefik
  repository: https://traefik.github.io/charts
  version: 41.6.1
- name: hcloud-exporter
  repository: https://promhippie.github.io/charts
  version: 4.29.0
- name: vertical-pod-autoscaler
  repository: https://kubernetes.github.io/autoscaler
  version: 0.13.0
digest: sha256:4a0793cb0a2c8fadb7b6c716aa6e603a717ea413acbd2439c5e7b0da701ec074
generated: "2026-10-05T11:40:54.20789+02:00"
